
Microsoft Visual Studio Solution File, Format Version 12.00
# Visual Studio Version 16
VisualStudioVersion = 16.0.30225.117
MinimumVisualStudioVersion = 10.0.40219.1
Project("{FAE04EC0-301F-11D3-BF4B-00C04F79EFBC}") = "BanditTweaks", "BanditTweaks\BanditTweaks.csproj", "{FF61C33A-5DA5-47BA-B5D8-7EFCA7DE39B5}"
EndProject
Global
	GlobalSection(SolutionConfigurationPlatforms) = preSolution
		Debug|Any CPU = Debug|Any CPU
		Release|Any CPU = Release|Any CPU
	EndGlobalSection
	GlobalSection(ProjectConfigurationPlatforms) = postSolution
		{FF61C33A-5DA5-47BA-B5D8-7EFCA7DE39B5}.Debug|Any CPU.ActiveCfg = Debug|Any CPU
		{FF61C33A-5DA5-47BA-B5D8-7EFCA7DE39B5}.Debug|Any CPU.Build.0 = Debug|Any CPU
		{FF61C33A-5DA5-47BA-B5D8-7EFCA7DE39B5}.Release|Any CPU.ActiveCfg = Release|Any CPU
		{FF61C33A-5DA5-47BA-B5D8-7EFCA7DE39B5}.Release|Any CPU.Build.0 = Release|Any CPU
	EndGlobalSection
	GlobalSection(SolutionProperties) = preSolution
		HideSolutionNode = FALSE
	EndGlobalSection
	GlobalSection(ExtensibilityGlobals) = postSolution
		SolutionGuid = {44CC50A9-EF90-4F5C-ABAA-5F6C0981C743}
	EndGlobalSection
EndGlobal
